
Microsoft Visual Studio Solution File, Format Version 12.00
# Visual Studio Version 17
VisualStudioVersion = 17.0.31903.59
MinimumVisualStudioVersion = 10.0.40219.1
Project("{FAE04EC0-301F-11D3-BF4B-00C04F79EFBC}") = "Telepathic", "Telepathic\Telepathic.csproj", "{7055C9B7-C9AE-4D93-9A85-563EBB9CCE41}"
EndProject
Project("{FAE04EC0-301F-11D3-BF4B-00C04F79EFBC}") = "Telepathic.Shared", "Telepathic.Shared\Telepathic.Shared.csproj", "{24D109D1-887B-749E-297C-C0D4B985843E}"
EndProject
Project("{FAE04EC0-301F-11D3-BF4B-00C04F79EFBC}") = "Telepathic.Web", "Telepathic.Web\Telepathic.Web.csproj", "{C7A4CC88-011A-B37A-6508-72FBFB2EF016}"
EndProject
Project("{FAE04EC0-301F-11D3-BF4B-00C04F79EFBC}") = "Telepathic.AppHost", "Telepathic.AppHost\Telepathic.AppHost.csproj", "{31A19943-BC36-2513-7088-4DA9159D6D80}"
EndProject
Project("{FAE04EC0-301F-11D3-BF4B-00C04F79EFBC}") = "Telepathic.WebServiceDefaults", "Telepathic.WebServiceDefaults\Telepathic.WebServiceDefaults.csproj", "{7571726D-33BF-578A-EC23-6990AE7FEE99}"
EndProject
Project("{FAE04EC0-301F-11D3-BF4B-00C04F79EFBC}") = "Telepathic.MauiServiceDefaults", "Telepathic.MauiServiceDefaults\Telepathic.MauiServiceDefaults.csproj", "{B6F8C6AD-0069-73C8-70AE-358FC0315D57}"
EndProject
Global
	GlobalSection(SolutionConfigurationPlatforms) = preSolution
		Debug|Any CPU = Debug|Any CPU
		Debug|x64 = Debug|x64
		Debug|x86 = Debug|x86
		Release|Any CPU = Release|Any CPU
		Release|x64 = Release|x64
		Release|x86 = Release|x86
	EndGlobalSection
	GlobalSection(ProjectConfigurationPlatforms) = postSolution
		{7055C9B7-C9AE-4D93-9A85-563EBB9CCE41}.Debug|Any CPU.ActiveCfg = Debug|Any CPU
		{7055C9B7-C9AE-4D93-9A85-563EBB9CCE41}.Debug|Any CPU.Build.0 = Debug|Any CPU
		{7055C9B7-C9AE-4D93-9A85-563EBB9CCE41}.Debug|Any CPU.Deploy.0 = Debug|Any CPU
		{7055C9B7-C9AE-4D93-9A85-563EBB9CCE41}.Debug|x64.ActiveCfg = Debug|Any CPU
		{7055C9B7-C9AE-4D93-9A85-563EBB9CCE41}.Debug|x64.Build.0 = Debug|Any CPU
		{7055C9B7-C9AE-4D93-9A85-563EBB9CCE41}.Debug|x86.ActiveCfg = Debug|Any CPU
		{7055C9B7-C9AE-4D93-9A85-563EBB9CCE41}.Debug|x86.Build.0 = Debug|Any CPU
		{7055C9B7-C9AE-4D93-9A85-563EBB9CCE41}.Release|Any CPU.ActiveCfg = Release|Any CPU
		{7055C9B7-C9AE-4D93-9A85-563EBB9CCE41}.Release|Any CPU.Build.0 = Release|Any CPU
		{7055C9B7-C9AE-4D93-9A85-563EBB9CCE41}.Release|x64.ActiveCfg = Release|Any CPU
		{7055C9B7-C9AE-4D93-9A85-563EBB9CCE41}.Release|x64.Build.0 = Release|Any CPU
		{7055C9B7-C9AE-4D93-9A85-563EBB9CCE41}.Release|x86.ActiveCfg = Release|Any CPU
		{7055C9B7-C9AE-4D93-9A85-563EBB9CCE41}.Release|x86.Build.0 = Release|Any CPU
		{24D109D1-887B-749E-297C-C0D4B985843E}.Debug|Any CPU.ActiveCfg = Debug|Any CPU
		{24D109D1-887B-749E-297C-C0D4B985843E}.Debug|Any CPU.Build.0 = Debug|Any CPU
		{24D109D1-887B-749E-297C-C0D4B985843E}.Debug|x64.ActiveCfg = Debug|Any CPU
		{24D109D1-887B-749E-297C-C0D4B985843E}.Debug|x64.Build.0 = Debug|Any CPU
		{24D109D1-887B-749E-297C-C0D4B985843E}.Debug|x86.ActiveCfg = Debug|Any CPU
		{24D109D1-887B-749E-297C-C0D4B985843E}.Debug|x86.Build.0 = Debug|Any CPU
		{24D109D1-887B-749E-297C-C0D4B985843E}.Release|Any CPU.ActiveCfg = Release|Any CPU
		{24D109D1-887B-749E-297C-C0D4B985843E}.Release|Any CPU.Build.0 = Release|Any CPU
		{24D109D1-887B-749E-297C-C0D4B985843E}.Release|x64.ActiveCfg = Release|Any CPU
		{24D109D1-887B-749E-297C-C0D4B985843E}.Release|x64.Build.0 = Release|Any CPU
		{24D109D1-887B-749E-297C-C0D4B985843E}.Release|x86.ActiveCfg = Release|Any CPU
		{24D109D1-887B-749E-297C-C0D4B985843E}.Release|x86.Build.0 = Release|Any CPU
		{C7A4CC88-011A-B37A-6508-72FBFB2EF016}.Debug|Any CPU.ActiveCfg = Debug|Any CPU
		{C7A4CC88-011A-B37A-6508-72FBFB2EF016}.Debug|Any CPU.Build.0 = Debug|Any CPU
		{C7A4CC88-011A-B37A-6508-72FBFB2EF016}.Debug|x64.ActiveCfg = Debug|Any CPU
		{C7A4CC88-011A-B37A-6508-72FBFB2EF016}.Debug|x64.Build.0 = Debug|Any CPU
		{C7A4CC88-011A-B37A-6508-72FBFB2EF016}.Debug|x86.ActiveCfg = Debug|Any CPU
		{C7A4CC88-011A-B37A-6508-72FBFB2EF016}.Debug|x86.Build.0 = Debug|Any CPU
		{C7A4CC88-011A-B37A-6508-72FBFB2EF016}.Release|Any CPU.ActiveCfg = Release|Any CPU
		{C7A4CC88-011A-B37A-6508-72FBFB2EF016}.Release|Any CPU.Build.0 = Release|Any CPU
		{C7A4CC88-011A-B37A-6508-72FBFB2EF016}.Release|x64.ActiveCfg = Release|Any CPU
		{C7A4CC88-011A-B37A-6508-72FBFB2EF016}.Release|x64.Build.0 = Release|Any CPU
		{C7A4CC88-011A-B37A-6508-72FBFB2EF016}.Release|x86.ActiveCfg = Release|Any CPU
		{C7A4CC88-011A-B37A-6508-72FBFB2EF016}.Release|x86.Build.0 = Release|Any CPU
		{31A19943-BC36-2513-7088-4DA9159D6D80}.Debug|Any CPU.ActiveCfg = Debug|Any CPU
		{31A19943-BC36-2513-7088-4DA9159D6D80}.Debug|Any CPU.Build.0 = Debug|Any CPU
		{31A19943-BC36-2513-7088-4DA9159D6D80}.Debug|x64.ActiveCfg = Debug|Any CPU
		{31A19943-BC36-2513-7088-4DA9159D6D80}.Debug|x64.Build.0 = Debug|Any CPU
		{31A19943-BC36-2513-7088-4DA9159D6D80}.Debug|x86.ActiveCfg = Debug|Any CPU
		{31A19943-BC36-2513-7088-4DA9159D6D80}.Debug|x86.Build.0 = Debug|Any CPU
		{31A19943-BC36-2513-7088-4DA9159D6D80}.Release|Any CPU.ActiveCfg = Release|Any CPU
		{31A19943-BC36-2513-7088-4DA9159D6D80}.Release|Any CPU.Build.0 = Release|Any CPU
		{31A19943-BC36-2513-7088-4DA9159D6D80}.Release|x64.ActiveCfg = Release|Any CPU
		{31A19943-BC36-2513-7088-4DA9159D6D80}.Release|x64.Build.0 = Release|Any CPU
		{31A19943-BC36-2513-7088-4DA9159D6D80}.Release|x86.ActiveCfg = Release|Any CPU
		{31A19943-BC36-2513-7088-4DA9159D6D80}.Release|x86.Build.0 = Release|Any CPU
		{7571726D-33BF-578A-EC23-6990AE7FEE99}.Debug|Any CPU.ActiveCfg = Debug|Any CPU
		{7571726D-33BF-578A-EC23-6990AE7FEE99}.Debug|Any CPU.Build.0 = Debug|Any CPU
		{7571726D-33BF-578A-EC23-6990AE7FEE99}.Debug|x64.ActiveCfg = Debug|Any CPU
		{7571726D-33BF-578A-EC23-6990AE7FEE99}.Debug|x64.Build.0 = Debug|Any CPU
		{7571726D-33BF-578A-EC23-6990AE7FEE99}.Debug|x86.ActiveCfg = Debug|Any CPU
		{7571726D-33BF-578A-EC23-6990AE7FEE99}.Debug|x86.Build.0 = Debug|Any CPU
		{7571726D-33BF-578A-EC23-6990AE7FEE99}.Release|Any CPU.ActiveCfg = Release|Any CPU
		{7571726D-33BF-578A-EC23-6990AE7FEE99}.Release|Any CPU.Build.0 = Release|Any CPU
		{7571726D-33BF-578A-EC23-6990AE7FEE99}.Release|x64.ActiveCfg = Release|Any CPU
		{7571726D-33BF-578A-EC23-6990AE7FEE99}.Release|x64.Build.0 = Release|Any CPU
		{7571726D-33BF-578A-EC23-6990AE7FEE99}.Release|x86.ActiveCfg = Release|Any CPU
		{7571726D-33BF-578A-EC23-6990AE7FEE99}.Release|x86.Build.0 = Release|Any CPU
		{B6F8C6AD-0069-73C8-70AE-358FC0315D57}.Debug|Any CPU.ActiveCfg = Debug|Any CPU
		{B6F8C6AD-0069-73C8-70AE-358FC0315D57}.Debug|Any CPU.Build.0 = Debug|Any CPU
		{B6F8C6AD-0069-73C8-70AE-358FC0315D57}.Debug|x64.ActiveCfg = Debug|Any CPU
		{B6F8C6AD-0069-73C8-70AE-358FC0315D57}.Debug|x64.Build.0 = Debug|Any CPU
		{B6F8C6AD-0069-73C8-70AE-358FC0315D57}.Debug|x86.ActiveCfg = Debug|Any CPU
		{B6F8C6AD-0069-73C8-70AE-358FC0315D57}.Debug|x86.Build.0 = Debug|Any CPU
		{B6F8C6AD-0069-73C8-70AE-358FC0315D57}.Release|Any CPU.ActiveCfg = Release|Any CPU
		{B6F8C6AD-0069-73C8-70AE-358FC0315D57}.Release|Any CPU.Build.0 = Release|Any CPU
		{B6F8C6AD-0069-73C8-70AE-358FC0315D57}.Release|x64.ActiveCfg = Release|Any CPU
		{B6F8C6AD-0069-73C8-70AE-358FC0315D57}.Release|x64.Build.0 = Release|Any CPU
		{B6F8C6AD-0069-73C8-70AE-358FC0315D57}.Release|x86.ActiveCfg = Release|Any CPU
		{B6F8C6AD-0069-73C8-70AE-358FC0315D57}.Release|x86.Build.0 = Release|Any CPU
	EndGlobalSection
	GlobalSection(SolutionProperties) = preSolution
		HideSolutionNode = FALSE
	EndGlobalSection
	GlobalSection(ExtensibilityGlobals) = postSolution
		SolutionGuid = {111C5172-F24B-480B-8B0A-BC81FC4892B0}
	EndGlobalSection
EndGlobal
